{
  "version": 4,
  "terraform_version": "1.5.1",
  "serial": 4,
  "lineage": "993ba5aa-8040-db1f-1e12-2bb6e0ff6ec4",
  "outputs": {},
  "resources": [
    {
      "mode": "managed",
      "type": "azurerm_container_app_environment",
      "name": "example",
      "provider": "provider[\"registry.terraform.io/hashicorp/azurerm\"]",
      "instances": [
        {
          "schema_version": 0,
          "attributes": {
            "custom_domain_verification_id": "844390C1BFF4100ACF0CA1CB22B0048665941A96CCDDA2E786EE865ED1C77DD0",
            "dapr_application_insights_connection_string": "",
            "default_domain": "blueriver-e457dace.westus.azurecontainerapps.io",
            "docker_bridge_cidr": "",
            "id": "/subscriptions/9e9d015c-36fd-43d1-b7b8-42a88820db8c/resourceGroups/sandbox/providers/Microsoft.App/managedEnvironments/uaacademia-env",
            "infrastructure_resource_group_name": "",
            "infrastructure_subnet_id": "",
            "internal_load_balancer_enabled": false,
            "location": "westus",
            "log_analytics_workspace_id": "/subscriptions/9e9d015c-36fd-43d1-b7b8-42a88820db8c/resourceGroups/sandbox/providers/Microsoft.OperationalInsights/workspaces/workspace-uaacademia",
            "logs_destination": "log-analytics",
            "mutual_tls_enabled": false,
            "name": "uaacademia-env",
            "platform_reserved_cidr": "",
            "platform_reserved_dns_ip_address": "",
            "resource_group_name": "sandbox",
            "static_ip_address": "40.83.137.233",
            "tags": null,
            "timeouts": null,
            "workload_profile": [],
            "zone_redundancy_enabled": false
          },
          "sensitive_attributes": [],
          "private": "eyJlMmJmYjczMC1lY2FhLTExZTYtOGY4OC0zNDM2M2JjN2M0YzAiOnsiY3JlYXRlIjoxODAwMDAwMDAwMDAwLCJkZWxldGUiOjE4MDAwMDAwMDAwMDAsInJlYWQiOjMwMDAwMDAwMDAwMCwidXBkYXRlIjoxODAwMDAwMDAwMDAwfX0=",
          "dependencies": [
            "azurerm_log_analytics_workspace.workspace",
            "azurerm_resource_group.rg-sandbox"
          ]
        }
      ]
    },
    {
      "mode": "managed",
      "type": "azurerm_log_analytics_workspace",
      "name": "workspace",
      "provider": "provider[\"registry.terraform.io/hashicorp/azurerm\"]",
      "instances": [
        {
          "schema_version": 3,
          "attributes": {
            "allow_resource_only_permissions": true,
            "cmk_for_query_forced": false,
            "daily_quota_gb": -1,
            "data_collection_rule_id": "",
            "id": "/subscriptions/9e9d015c-36fd-43d1-b7b8-42a88820db8c/resourceGroups/sandbox/providers/Microsoft.OperationalInsights/workspaces/workspace-uaacademia",
            "identity": [],
            "immediate_data_purge_on_30_days_enabled": false,
            "internet_ingestion_enabled": true,
            "internet_query_enabled": true,
            "local_authentication_disabled": false,
            "location": "westus",
            "name": "workspace-uaacademia",
            "primary_shared_key": "eTqxxjesWJb76oFL0wYONzmFQw8lzwr0dzaEzxG9PadOiwaqDAlYJ60AyQOLO2E2qWIoYgLARymQNpqrdNyrqw==",
            "reservation_capacity_in_gb_per_day": null,
            "resource_group_name": "sandbox",
            "retention_in_days": 30,
            "secondary_shared_key": "3ObHQp9UfZxvBqECElaIrJkJDcZVA1ruL7lIiG5zQnxoN66R6zYkhYF/9GmCxNJ9MGVPzXsCDQdgXBBPaiiMSw==",
            "sku": "PerGB2018",
            "tags": null,
            "timeouts": null,
            "workspace_id": "a630fccb-0e6e-4e42-9073-5690c6429b2b"
          },
          "sensitive_attributes": [],
          "private": "eyJlMmJmYjczMC1lY2FhLTExZTYtOGY4OC0zNDM2M2JjN2M0YzAiOnsiY3JlYXRlIjoxODAwMDAwMDAwMDAwLCJkZWxldGUiOjE4MDAwMDAwMDAwMDAsInJlYWQiOjMwMDAwMDAwMDAwMCwidXBkYXRlIjoxODAwMDAwMDAwMDAwfSwic2NoZW1hX3ZlcnNpb24iOiIzIn0=",
          "dependencies": [
            "azurerm_resource_group.rg-sandbox"
          ]
        }
      ]
    },
    {
      "mode": "managed",
      "type": "azurerm_resource_group",
      "name": "rg-sandbox",
      "provider": "provider[\"registry.terraform.io/hashicorp/azurerm\"]",
      "instances": [
        {
          "schema_version": 0,
          "attributes": {
            "id": "/subscriptions/9e9d015c-36fd-43d1-b7b8-42a88820db8c/resourceGroups/sandbox",
            "location": "westus",
            "managed_by": "",
            "name": "sandbox",
            "tags": null,
            "timeouts": null
          },
          "sensitive_attributes": [],
          "private": "eyJlMmJmYjczMC1lY2FhLTExZTYtOGY4OC0zNDM2M2JjN2M0YzAiOnsiY3JlYXRlIjo1NDAwMDAwMDAwMDAwLCJkZWxldGUiOjU0MDAwMDAwMDAwMDAsInJlYWQiOjMwMDAwMDAwMDAwMCwidXBkYXRlIjo1NDAwMDAwMDAwMDAwfX0="
        }
      ]
    }
  ],
  "check_results": null
}
